// !$*UTF8*$!
{
	archiveVersion = 1;
	classes = {
	};
	objectVersion = 46;
	objects = {

/* Begin PBXBuildFile section */
		D41622741C9C44A300A818DA /* AppDelegate.swift in Sources */ = {isa = PBXBuildFile; fileRef = D41622731C9C44A300A818DA /* AppDelegate.swift */; };
		D41622761C9C44A300A818DA /* ViewController.swift in Sources */ = {isa = PBXBuildFile; fileRef = D41622751C9C44A300A818DA /* ViewController.swift */; };
		D41622791C9C44A300A818DA /* Main.storyboard in Resources */ = {isa = PBXBuildFile; fileRef = D41622771C9C44A300A818DA /* Main.storyboard */; };
		D416227C1C9C44A300A818DA /* magicapp.xcdatamodeld in Sources */ = {isa = PBXBuildFile; fileRef = D416227A1C9C44A300A818DA /* magicapp.xcdatamodeld */; };
		D416227E1C9C44A300A818DA /* Assets.xcassets in Resources */ = {isa = PBXBuildFile; fileRef = D416227D1C9C44A300A818DA /* Assets.xcassets */; };
		D41622811C9C44A300A818DA /* LaunchScreen.storyboard in Resources */ = {isa = PBXBuildFile; fileRef = D416227F1C9C44A300A818DA /* LaunchScreen.storyboard */; };
		D41622911C9EADB600A818DA /* HttpExcuter.swift in Sources */ = {isa = PBXBuildFile; fileRef = D41622901C9EADB600A818DA /* HttpExcuter.swift */; };
/* End PBXBuildFile section */

/* Begin PBXFileReference section */
		D41622701C9C44A300A818DA /* magicapp.app */ = {isa = PBXFileReference; explicitFileType = wrapper.application; includeInIndex = 0; path = magicapp.app; sourceTree = BUILT_PRODUCTS_DIR; };
		D41622731C9C44A300A818DA /* AppDelegate.swift */ = {isa = PBXFileReference; lastKnownFileType = sourcecode.swift; path = AppDelegate.swift; sourceTree = "<group>"; };
		D41622751C9C44A300A818DA /* ViewController.swift */ = {isa = PBXFileReference; lastKnownFileType = sourcecode.swift; path = ViewController.swift; sourceTree = "<group>"; };
		D41622781C9C44A300A818DA /* Base */ = {isa = PBXFileReference; lastKnownFileType = file.storyboard; name = Base; path = Base.lproj/Main.storyboard; sourceTree = "<group>"; };
		D416227B1C9C44A300A818DA /* magicapp.xcdatamodel */ = {isa = PBXFileReference; lastKnownFileType = wrapper.xcdatamodel; path = magicapp.xcdatamodel; sourceTree = "<group>"; };
		D416227D1C9C44A300A818DA /* Assets.xcassets */ = {isa = PBXFileReference; lastKnownFileType = folder.assetcatalog; path = Assets.xcassets; sourceTree = "<group>"; };
		D41622801C9C44A300A818DA /* Base */ = {isa = PBXFileReference; lastKnownFileType = file.storyboard; name = Base; path = Base.lproj/LaunchScreen.storyboard; sourceTree = "<group>"; };
		D41622821C9C44A300A818DA /* Info.plist */ = {isa = PBXFileReference; lastKnownFileType = text.plist.xml; path = Info.plist; sourceTree = "<group>"; };
		D41622901C9EADB600A818DA /* HttpExcuter.swift */ = {isa = PBXFileReference; fileEncoding = 4; lastKnownFileType = sourcecode.swift; path = HttpExcuter.swift; sourceTree = "<group>"; };
/* End PBXFileReference section */

/* Begin PBXFrameworksBuildPhase section */
		D416226D1C9C44A300A818DA /* Frameworks */ = {
			isa = PBXFrameworksBuildPhase;
			buildActionMask = 2147483647;
			files = (
			);
			runOnlyForDeploymentPostprocessing = 0;
		};
/* End PBXFrameworksBuildPhase section */

/* Begin PBXGroup section */
		D41622671C9C44A300A818DA = {
			isa = PBXGroup;
			children = (
				D416228B1C9EA6C000A818DA /* core */,
				D41622721C9C44A300A818DA /* magicapp */,
				D41622711C9C44A300A818DA /* Products */,
			);
			sourceTree = "<group>";
		};
		D41622711C9C44A300A818DA /* Products */ = {
			isa = PBXGroup;
			children = (
				D41622701C9C44A300A818DA /* magicapp.app */,
			);
			name = Products;
			sourceTree = "<group>";
		};
		D41622721C9C44A300A818DA /* magicapp */ = {
			isa = PBXGroup;
			children = (
				D41622731C9C44A300A818DA /* AppDelegate.swift */,
				D41622751C9C44A300A818DA /* ViewController.swift */,
				D41622771C9C44A300A818DA /* Main.storyboard */,
				D416227D1C9C44A300A818DA /* Assets.xcassets */,
				D416227F1C9C44A300A818DA /* LaunchScreen.storyboard */,
				D41622821C9C44A300A818DA /* Info.plist */,
				D416227A1C9C44A300A818DA /* magicapp.xcdatamodeld */,
			);
			path = magicapp;
			sourceTree = "<group>";
		};
		D416228B1C9EA6C000A818DA /* core */ = {
			isa = PBXGroup;
			children = (
				D416228D1C9EA6C800A818DA /* http */,
			);
			path = core;
			sourceTree = "<group>";
		};
		D416228D1C9EA6C800A818DA /* http */ = {
			isa = PBXGroup;
			children = (
				D41622921C9EAE9100A818DA /* resource */,
				D41622901C9EADB600A818DA /* HttpExcuter.swift */,
			);
			path = http;
			sourceTree = "<group>";
		};
		D41622921C9EAE9100A818DA /* resource */ = {
			isa = PBXGroup;
			children = (
			);
			path = resource;
			sourceTree = "<group>";
		};
/* End PBXGroup section */

/* Begin PBXNativeTarget section */
		D416226F1C9C44A300A818DA /* magicapp */ = {
			isa = PBXNativeTarget;
			buildConfigurationList = D41622851C9C44A300A818DA /* Build configuration list for PBXNativeTarget "magicapp" */;
			buildPhases = (
				D416226C1C9C44A300A818DA /* Sources */,
				D416226D1C9C44A300A818DA /* Frameworks */,
				D416226E1C9C44A300A818DA /* Resources */,
			);
			buildRules = (
			);
			dependencies = (
			);
			name = magicapp;
			productName = magicapp;
			productReference = D41622701C9C44A300A818DA /* magicapp.app */;
			productType = "com.apple.product-type.application";
		};
/* End PBXNativeTarget section */

/* Begin PBXProject section */
		D41622681C9C44A300A818DA /* Project object */ = {
			isa = PBXProject;
			attributes = {
				LastSwiftUpdateCheck = 0720;
				LastUpgradeCheck = 0720;
				ORGANIZATIONNAME = JooDaeho;
				TargetAttributes = {
					D416226F1C9C44A300A818DA = {
						CreatedOnToolsVersion = 7.2.1;
					};
				};
			};
			buildConfigurationList = D416226B1C9C44A300A818DA /* Build configuration list for PBXProject "magicapp" */;
			compatibilityVersion = "Xcode 3.2";
			developmentRegion = English;
			hasScannedForEncodings = 0;
			knownRegions = (
				en,
				Base,
			);
			mainGroup = D41622671C9C44A300A818DA;
			productRefGroup = D41622711C9C44A300A818DA /* Products */;
			projectDirPath = "";
			projectRoot = "";
			targets = (
				D416226F1C9C44A300A818DA /* magicapp */,
			);
		};
/* End PBXProject section */

/* Begin PBXResourcesBuildPhase section */
		D416226E1C9C44A300A818DA /* Resources */ = {
			isa = PBXResourcesBuildPhase;
			buildActionMask = 2147483647;
			files = (
				D41622811C9C44A300A818DA /* LaunchScreen.storyboard in Resources */,
				D416227E1C9C44A300A818DA /* Assets.xcassets in Resources */,
				D41622791C9C44A300A818DA /* Main.storyboard in Resources */,
			);
			runOnlyForDeploymentPostprocessing = 0;
		};
/* End PBXResourcesBuildPhase section */

/* Begin PBXSourcesBuildPhase section */
		D416226C1C9C44A300A818DA /* Sources */ = {
			isa = PBXSourcesBuildPhase;
			buildActionMask = 2147483647;
			files = (
				D41622911C9EADB600A818DA /* HttpExcuter.swift in Sources */,
				D41622761C9C44A300A818DA /* ViewController.swift in Sources */,
				D41622741C9C44A300A818DA /* AppDelegate.swift in Sources */,
				D416227C1C9C44A300A818DA /* magicapp.xcdatamodeld in Sources */,
			);
			runOnlyForDeploymentPostprocessing = 0;
		};
/* End PBXSourcesBuildPhase section */

/* Begin PBXVariantGroup section */
		D41622771C9C44A300A818DA /* Main.storyboard */ = {
			isa = PBXVariantGroup;
			children = (
				D41622781C9C44A300A818DA /* Base */,
			);
			name = Main.storyboard;
			sourceTree = "<group>";
		};
		D416227F1C9C44A300A818DA /* LaunchScreen.storyboard */ = {
			isa = PBXVariantGroup;
			children = (
				D41622801C9C44A300A818DA /* Base */,
			);
			name = LaunchScreen.storyboard;
			sourceTree = "<group>";
		};
/* End PBXVariantGroup section */

/* Begin XCBuildConfiguration section */
		D41622831C9C44A300A818DA /* Debug */ = {
			isa = XCBuildConfiguration;
			buildSettings = {
				ALWAYS_SEARCH_USER_PATHS = NO;
				CLANG_CXX_LANGUAGE_STANDARD = "gnu++0x";
				CLANG_CXX_LIBRARY = "libc++";
				CLANG_ENABLE_MODULES = YES;
				CLANG_ENABLE_OBJC_ARC = YES;
				CLANG_WARN_BOOL_CONVERSION = YES;
				CLANG_WARN_CONSTANT_CONVERSION = YES;
				CLANG_WARN_DIRECT_OBJC_ISA_USAGE = YES_ERROR;
				CLANG_WARN_EMPTY_BODY = YES;
				CLANG_WARN_ENUM_CONVERSION = YES;
				CLANG_WARN_INT_CONVERSION = YES;
				CLANG_WARN_OBJC_ROOT_CLASS = YES_ERROR;
				CLANG_WARN_UNREACHABLE_CODE = YES;
				CLANG_WARN__DUPLICATE_METHOD_MATCH = YES;
				"CODE_SIGN_IDENTITY[sdk=iphoneos*]" = "iPhone Developer";
				COPY_PHASE_STRIP = NO;
				DEBUG_INFORMATION_FORMAT = dwarf;
				ENABLE_STRICT_OBJC_MSGSEND = YES;
				ENABLE_TESTABILITY = YES;
				GCC_C_LANGUAGE_STANDARD = gnu99;
				GCC_DYNAMIC_NO_PIC = NO;
				GCC_NO_COMMON_BLOCKS = YES;
				GCC_OPTIMIZATION_LEVEL = 0;
				GCC_PREPROCESSOR_DEFINITIONS = (
					"DEBUG=1",
					"$(inherited)",
				);
				GCC_WARN_64_TO_32_BIT_CONVERSION = YES;
				GCC_WARN_ABOUT_RETURN_TYPE = YES_ERROR;
				GCC_WARN_UNDECLARED_SELECTOR = YES;
				GCC_WARN_UNINITIALIZED_AUTOS = YES_AGGRESSIVE;
				GCC_WARN_UNUSED_FUNCTION = YES;
				GCC_WARN_UNUSED_VARIABLE = YES;
				IPHONEOS_DEPLOYMENT_TARGET = 9.2;
				MTL_ENABLE_DEBUG_INFO = YES;
				ONLY_ACTIVE_ARCH = YES;
				SDKROOT = iphoneos;
				SWIFT_OPTIMIZATION_LEVEL = "-Onone";
			};
			name = Debug;
		};
		D41622841C9C44A300A818DA /* Release */ = {
			isa = XCBuildConfiguration;
			buildSettings = {
				ALWAYS_SEARCH_USER_PATHS = NO;
				CLANG_CXX_LANGUAGE_STANDARD = "gnu++0x";
				CLANG_CXX_LIBRARY = "libc++";
				CLANG_ENABLE_MODULES = YES;
				CLANG_ENABLE_OBJC_ARC = YES;
				CLANG_WARN_BOOL_CONVERSION = YES;
				CLANG_WARN_CONSTANT_CONVERSION = YES;
				CLANG_WARN_DIRECT_OBJC_ISA_USAGE = YES_ERROR;
				CLANG_WARN_EMPTY_BODY = YES;
				CLANG_WARN_ENUM_CONVERSION = YES;
				CLANG_WARN_INT_CONVERSION = YES;
				CLANG_WARN_OBJC_ROOT_CLASS = YES_ERROR;
				CLANG_WARN_UNREACHABLE_CODE = YES;
				CLANG_WARN__DUPLICATE_METHOD_MATCH = YES;
				"CODE_SIGN_IDENTITY[sdk=iphoneos*]" = "iPhone Developer";
				COPY_PHASE_STRIP = NO;
				DEBUG_INFORMATION_FORMAT = "dwarf-with-dsym";
				ENABLE_NS_ASSERTIONS = NO;
				ENABLE_STRICT_OBJC_MSGSEND = YES;
				GCC_C_LANGUAGE_STANDARD = gnu99;
				GCC_NO_COMMON_BLOCKS = YES;
				GCC_WARN_64_TO_32_BIT_CONVERSION = YES;
				GCC_WARN_ABOUT_RETURN_TYPE = YES_ERROR;
				GCC_WARN_UNDECLARED_SELECTOR = YES;
				GCC_WARN_UNINITIALIZED_AUTOS = YES_AGGRESSIVE;
				GCC_WARN_UNUSED_FUNCTION = YES;
				GCC_WARN_UNUSED_VARIABLE = YES;
				IPHONEOS_DEPLOYMENT_TARGET = 9.2;
				MTL_ENABLE_DEBUG_INFO = NO;
				SDKROOT = iphoneos;
				VALIDATE_PRODUCT = YES;
			};
			name = Release;
		};
		D41622861C9C44A300A818DA /* Debug */ = {
			isa = XCBuildConfiguration;
			buildSettings = {
				ASSETCATALOG_COMPILER_APPICON_NAME = AppIcon;
				INFOPLIST_FILE = magicapp/Info.plist;
				LD_RUNPATH_SEARCH_PATHS = "$(inherited) @executable_path/Frameworks";
				PRODUCT_BUNDLE_IDENTIFIER = kr.co.wisa.magicapp;
				PRODUCT_NAME = "$(TARGET_NAME)";
			};
			name = Debug;
		};
		D41622871C9C44A300A818DA /* Release */ = {
			isa = XCBuildConfiguration;
			buildSettings = {
				ASSETCATALOG_COMPILER_APPICON_NAME = AppIcon;
				INFOPLIST_FILE = magicapp/Info.plist;
				LD_RUNPATH_SEARCH_PATHS = "$(inherited) @executable_path/Frameworks";
				PRODUCT_BUNDLE_IDENTIFIER = kr.co.wisa.magicapp;
				PRODUCT_NAME = "$(TARGET_NAME)";
			};
			name = Release;
		};
/* End XCBuildConfiguration section */

/* Begin XCConfigurationList section */
		D416226B1C9C44A300A818DA /* Build configuration list for PBXProject "magicapp" */ = {
			isa = XCConfigurationList;
			buildConfigurations = (
				D41622831C9C44A300A818DA /* Debug */,
				D41622841C9C44A300A818DA /* Release */,
			);
			defaultConfigurationIsVisible = 0;
			defaultConfigurationName = Release;
		};
		D41622851C9C44A300A818DA /* Build configuration list for PBXNativeTarget "magicapp" */ = {
			isa = XCConfigurationList;
			buildConfigurations = (
				D41622861C9C44A300A818DA /* Debug */,
				D41622871C9C44A300A818DA /* Release */,
			);
			defaultConfigurationIsVisible = 0;
			defaultConfigurationName = Release;
		};
/* End XCConfigurationList section */

/* Begin XCVersionGroup section */
		D416227A1C9C44A300A818DA /* magicapp.xcdatamodeld */ = {
			isa = XCVersionGroup;
			children = (
				D416227B1C9C44A300A818DA /* magicapp.xcdatamodel */,
			);
			currentVersion = D416227B1C9C44A300A818DA /* magicapp.xcdatamodel */;
			path = magicapp.xcdatamodeld;
			sourceTree = "<group>";
			versionGroupType = wrapper.xcdatamodel;
		};
/* End XCVersionGroup section */
	};
	rootObject = D41622681C9C44A300A818DA /* Project object */;
}
