// !$*UTF8*$!
{
	archiveVersion = 1;
	classes = {
	};
	objectVersion = 46;
	objects = {

/* Begin PBXBuildFile section */
		B02778C8F497859E8DDC3F04 /* libPods.a in Frameworks */ = {isa = PBXBuildFile; fileRef = FAD129BDA686D308F6FD3048 /* libPods.a */; };
		CAAAC7CC1CB6245E00031667 /* ExtenstionUIImage.swift in Sources */ = {isa = PBXBuildFile; fileRef = CAAAC7CB1CB6245E00031667 /* ExtenstionUIImage.swift */; };
		D408A9CD1CA2B50400E0DCB5 /* ExtensionString.swift in Sources */ = {isa = PBXBuildFile; fileRef = D408A9C61CA2B50400E0DCB5 /* ExtensionString.swift */; };
		D408A9CE1CA2B50400E0DCB5 /* ExtenstionNSMutableData.swift in Sources */ = {isa = PBXBuildFile; fileRef = D408A9C71CA2B50400E0DCB5 /* ExtenstionNSMutableData.swift */; };
		D408A9CF1CA2B50400E0DCB5 /* HttpBaseResource.swift in Sources */ = {isa = PBXBuildFile; fileRef = D408A9C91CA2B50400E0DCB5 /* HttpBaseResource.swift */; };
		D408A9D01CA2B50400E0DCB5 /* RSHttp.swift in Sources */ = {isa = PBXBuildFile; fileRef = D408A9CA1CA2B50400E0DCB5 /* RSHttp.swift */; };
		D408A9D11CA2B50400E0DCB5 /* HttpInfo.swift in Sources */ = {isa = PBXBuildFile; fileRef = D408A9CB1CA2B50400E0DCB5 /* HttpInfo.swift */; };
		D408A9D21CA2B50400E0DCB5 /* ResourceCode.swift in Sources */ = {isa = PBXBuildFile; fileRef = D408A9CC1CA2B50400E0DCB5 /* ResourceCode.swift */; };
		D4154F4C1CBF569C00ED25CE /* ic_a_home_disable.png in Resources */ = {isa = PBXBuildFile; fileRef = D4154F3D1CBF569C00ED25CE /* ic_a_home_disable.png */; };
		D4154F4D1CBF569C00ED25CE /* ic_a_home.png in Resources */ = {isa = PBXBuildFile; fileRef = D4154F3E1CBF569C00ED25CE /* ic_a_home.png */; };
		D4154F4E1CBF569C00ED25CE /* ic_a_menu_disable.png in Resources */ = {isa = PBXBuildFile; fileRef = D4154F3F1CBF569C00ED25CE /* ic_a_menu_disable.png */; };
		D4154F4F1CBF569C00ED25CE /* ic_a_menu.png in Resources */ = {isa = PBXBuildFile; fileRef = D4154F401CBF569C00ED25CE /* ic_a_menu.png */; };
		D4154F501CBF569C00ED25CE /* ic_a_next_disable.png in Resources */ = {isa = PBXBuildFile; fileRef = D4154F411CBF569C00ED25CE /* ic_a_next_disable.png */; };
		D4154F511CBF569C00ED25CE /* ic_a_next.png in Resources */ = {isa = PBXBuildFile; fileRef = D4154F421CBF569C00ED25CE /* ic_a_next.png */; };
		D4154F521CBF569C00ED25CE /* ic_a_prev_disable.png in Resources */ = {isa = PBXBuildFile; fileRef = D4154F431CBF569C00ED25CE /* ic_a_prev_disable.png */; };
		D4154F531CBF569C00ED25CE /* ic_a_prev.png in Resources */ = {isa = PBXBuildFile; fileRef = D4154F441CBF569C00ED25CE /* ic_a_prev.png */; };
		D4154F541CBF569C00ED25CE /* ic_a_refresh_disable.png in Resources */ = {isa = PBXBuildFile; fileRef = D4154F451CBF569C00ED25CE /* ic_a_refresh_disable.png */; };
		D4154F551CBF569C00ED25CE /* ic_a_refresh.png in Resources */ = {isa = PBXBuildFile; fileRef = D4154F461CBF569C00ED25CE /* ic_a_refresh.png */; };
		D4154F561CBF569C00ED25CE /* ic_a_share_disable.png in Resources */ = {isa = PBXBuildFile; fileRef = D4154F471CBF569C00ED25CE /* ic_a_share_disable.png */; };
		D4154F571CBF569C00ED25CE /* ic_a_share.png in Resources */ = {isa = PBXBuildFile; fileRef = D4154F481CBF569C00ED25CE /* ic_a_share.png */; };
		D4154F581CBF569C00ED25CE /* ic_a_tab_disable.png in Resources */ = {isa = PBXBuildFile; fileRef = D4154F491CBF569C00ED25CE /* ic_a_tab_disable.png */; };
		D4154F591CBF569C00ED25CE /* ic_a_tab.png in Resources */ = {isa = PBXBuildFile; fileRef = D4154F4A1CBF569C00ED25CE /* ic_a_tab.png */; };
		D4154F5A1CBF569C00ED25CE /* ic_navi_back.png in Resources */ = {isa = PBXBuildFile; fileRef = D4154F4B1CBF569C00ED25CE /* ic_navi_back.png */; };
		D4154F5C1CBF5CFE00ED25CE /* setting_bar.png in Resources */ = {isa = PBXBuildFile; fileRef = D4154F5B1CBF5CFE00ED25CE /* setting_bar.png */; };
		D4154F5E1CBF6F9D00ED25CE /* setting_update_btn.png in Resources */ = {isa = PBXBuildFile; fileRef = D4154F5D1CBF6F9D00ED25CE /* setting_update_btn.png */; };
		D4154F601CBF723900ED25CE /* setting_update_btn_over.png in Resources */ = {isa = PBXBuildFile; fileRef = D4154F5F1CBF723900ED25CE /* setting_update_btn_over.png */; };
		D4154F641CBF93D000ED25CE /* WebKit.framework in Frameworks */ = {isa = PBXBuildFile; fileRef = D4FD0F131CBB5DC000018CDF /* WebKit.framework */; };
		D41622741C9C44A300A818DA /* AppDelegate.swift in Sources */ = {isa = PBXBuildFile; fileRef = D41622731C9C44A300A818DA /* AppDelegate.swift */; };
		D416227C1C9C44A300A818DA /* magicapp.xcdatamodeld in Sources */ = {isa = PBXBuildFile; fileRef = D416227A1C9C44A300A818DA /* magicapp.xcdatamodeld */; };
		D416227E1C9C44A300A818DA /* Assets.xcassets in Resources */ = {isa = PBXBuildFile; fileRef = D416227D1C9C44A300A818DA /* Assets.xcassets */; };
		D42321C31CC5CDB3007C2F3C /* ic_a_isnew.png in Resources */ = {isa = PBXBuildFile; fileRef = D42321C21CC5CDB3007C2F3C /* ic_a_isnew.png */; };
		D4326BD01CB561E8007A07C6 /* WAppDelegate.swift in Sources */ = {isa = PBXBuildFile; fileRef = D4326BCF1CB561E8007A07C6 /* WAppDelegate.swift */; };
		D45D64751CB28B64004976A2 /* Toast.swift in Sources */ = {isa = PBXBuildFile; fileRef = D45D64731CB28B64004976A2 /* Toast.swift */; };
		D45D64771CB29370004976A2 /* ExtensionUIColor.swift in Sources */ = {isa = PBXBuildFile; fileRef = D45D64761CB29370004976A2 /* ExtensionUIColor.swift */; };
		D45D64901CB5217D004976A2 /* ExtensionUIButton.swift in Sources */ = {isa = PBXBuildFile; fileRef = D45D648F1CB5217D004976A2 /* ExtensionUIButton.swift */; };
		D4932E811CA432710014B769 /* HttpMap.swift in Sources */ = {isa = PBXBuildFile; fileRef = D4932E7C1CA432710014B769 /* HttpMap.swift */; };
		D4932E821CA432710014B769 /* WIntroController.swift in Sources */ = {isa = PBXBuildFile; fileRef = D4932E7D1CA432710014B769 /* WIntroController.swift */; };
		D4932E831CA432710014B769 /* WMainController.swift in Sources */ = {isa = PBXBuildFile; fileRef = D4932E7E1CA432710014B769 /* WMainController.swift */; };
		D4932E841CA432710014B769 /* WNotiController.swift in Sources */ = {isa = PBXBuildFile; fileRef = D4932E7F1CA432710014B769 /* WNotiController.swift */; };
		D4932E851CA432710014B769 /* WSettingController.swift in Sources */ = {isa = PBXBuildFile; fileRef = D4932E801CA432710014B769 /* WSettingController.swift */; };
		D4932E8C1CA433740014B769 /* LaunchScreen.storyboard in Resources */ = {isa = PBXBuildFile; fileRef = D4932E8A1CA433740014B769 /* LaunchScreen.storyboard */; };
		D4932E8D1CA433740014B769 /* Main.storyboard in Resources */ = {isa = PBXBuildFile; fileRef = D4932E8B1CA433740014B769 /* Main.storyboard */; };
		D4932E931CA433E10014B769 /* Controllers.swift in Sources */ = {isa = PBXBuildFile; fileRef = D4932E921CA433E10014B769 /* Controllers.swift */; };
		D4C64EEC1CAC06A200BF545E /* ResourceBase.swift in Sources */ = {isa = PBXBuildFile; fileRef = D4C64EE91CAC06A200BF545E /* ResourceBase.swift */; };
		D4C64EED1CAC06A200BF545E /* Tools.swift in Sources */ = {isa = PBXBuildFile; fileRef = D4C64EEA1CAC06A200BF545E /* Tools.swift */; };
		D4C64EEE1CAC06A200BF545E /* WInfo.swift in Sources */ = {isa = PBXBuildFile; fileRef = D4C64EEB1CAC06A200BF545E /* WInfo.swift */; };
		D4FD0F121CBB354E00018CDF /* BaseConroller.swift in Sources */ = {isa = PBXBuildFile; fileRef = D4FD0F111CBB354E00018CDF /* BaseConroller.swift */; };
/* End PBXBuildFile section */

/* Begin PBXFileReference section */
		094422137CE74568E19969C5 /* Pods.release.xcconfig */ = {isa = PBXFileReference; includeInIndex = 1; lastKnownFileType = text.xcconfig; name = Pods.release.xcconfig; path = "Pods/Target Support Files/Pods/Pods.release.xcconfig"; sourceTree = "<group>"; };
		CAAAC7CB1CB6245E00031667 /* ExtenstionUIImage.swift */ = {isa = PBXFileReference; fileEncoding = 4; lastKnownFileType = sourcecode.swift; path = ExtenstionUIImage.swift; sourceTree = "<group>"; };
		D408A9C61CA2B50400E0DCB5 /* ExtensionString.swift */ = {isa = PBXFileReference; fileEncoding = 4; lastKnownFileType = sourcecode.swift; path = ExtensionString.swift; sourceTree = "<group>"; };
		D408A9C71CA2B50400E0DCB5 /* ExtenstionNSMutableData.swift */ = {isa = PBXFileReference; fileEncoding = 4; lastKnownFileType = sourcecode.swift; path = ExtenstionNSMutableData.swift; sourceTree = "<group>"; };
		D408A9C91CA2B50400E0DCB5 /* HttpBaseResource.swift */ = {isa = PBXFileReference; fileEncoding = 4; lastKnownFileType = sourcecode.swift; path = HttpBaseResource.swift; sourceTree = "<group>"; };
		D408A9CA1CA2B50400E0DCB5 /* RSHttp.swift */ = {isa = PBXFileReference; fileEncoding = 4; lastKnownFileType = sourcecode.swift; path = RSHttp.swift; sourceTree = "<group>"; };
		D408A9CB1CA2B50400E0DCB5 /* HttpInfo.swift */ = {isa = PBXFileReference; fileEncoding = 4; lastKnownFileType = sourcecode.swift; path = HttpInfo.swift; sourceTree = "<group>"; };
		D408A9CC1CA2B50400E0DCB5 /* ResourceCode.swift */ = {isa = PBXFileReference; fileEncoding = 4; lastKnownFileType = sourcecode.swift; path = ResourceCode.swift; sourceTree = "<group>"; };
		D4154F3D1CBF569C00ED25CE /* ic_a_home_disable.png */ = {isa = PBXFileReference; lastKnownFileType = image.png; path = ic_a_home_disable.png; sourceTree = "<group>"; };
		D4154F3E1CBF569C00ED25CE /* ic_a_home.png */ = {isa = PBXFileReference; lastKnownFileType = image.png; path = ic_a_home.png; sourceTree = "<group>"; };
		D4154F3F1CBF569C00ED25CE /* ic_a_menu_disable.png */ = {isa = PBXFileReference; lastKnownFileType = image.png; path = ic_a_menu_disable.png; sourceTree = "<group>"; };
		D4154F401CBF569C00ED25CE /* ic_a_menu.png */ = {isa = PBXFileReference; lastKnownFileType = image.png; path = ic_a_menu.png; sourceTree = "<group>"; };
		D4154F411CBF569C00ED25CE /* ic_a_next_disable.png */ = {isa = PBXFileReference; lastKnownFileType = image.png; path = ic_a_next_disable.png; sourceTree = "<group>"; };
		D4154F421CBF569C00ED25CE /* ic_a_next.png */ = {isa = PBXFileReference; lastKnownFileType = image.png; path = ic_a_next.png; sourceTree = "<group>"; };
		D4154F431CBF569C00ED25CE /* ic_a_prev_disable.png */ = {isa = PBXFileReference; lastKnownFileType = image.png; path = ic_a_prev_disable.png; sourceTree = "<group>"; };
		D4154F441CBF569C00ED25CE /* ic_a_prev.png */ = {isa = PBXFileReference; lastKnownFileType = image.png; path = ic_a_prev.png; sourceTree = "<group>"; };
		D4154F451CBF569C00ED25CE /* ic_a_refresh_disable.png */ = {isa = PBXFileReference; lastKnownFileType = image.png; path = ic_a_refresh_disable.png; sourceTree = "<group>"; };
		D4154F461CBF569C00ED25CE /* ic_a_refresh.png */ = {isa = PBXFileReference; lastKnownFileType = image.png; path = ic_a_refresh.png; sourceTree = "<group>"; };
		D4154F471CBF569C00ED25CE /* ic_a_share_disable.png */ = {isa = PBXFileReference; lastKnownFileType = image.png; path = ic_a_share_disable.png; sourceTree = "<group>"; };
		D4154F481CBF569C00ED25CE /* ic_a_share.png */ = {isa = PBXFileReference; lastKnownFileType = image.png; path = ic_a_share.png; sourceTree = "<group>"; };
		D4154F491CBF569C00ED25CE /* ic_a_tab_disable.png */ = {isa = PBXFileReference; lastKnownFileType = image.png; path = ic_a_tab_disable.png; sourceTree = "<group>"; };
		D4154F4A1CBF569C00ED25CE /* ic_a_tab.png */ = {isa = PBXFileReference; lastKnownFileType = image.png; path = ic_a_tab.png; sourceTree = "<group>"; };
		D4154F4B1CBF569C00ED25CE /* ic_navi_back.png */ = {isa = PBXFileReference; lastKnownFileType = image.png; path = ic_navi_back.png; sourceTree = "<group>"; };
		D4154F5B1CBF5CFE00ED25CE /* setting_bar.png */ = {isa = PBXFileReference; lastKnownFileType = image.png; path = setting_bar.png; sourceTree = "<group>"; };
		D4154F5D1CBF6F9D00ED25CE /* setting_update_btn.png */ = {isa = PBXFileReference; lastKnownFileType = image.png; path = setting_update_btn.png; sourceTree = "<group>"; };
		D4154F5F1CBF723900ED25CE /* setting_update_btn_over.png */ = {isa = PBXFileReference; lastKnownFileType = image.png; path = setting_update_btn_over.png; sourceTree = "<group>"; };
		D41622701C9C44A300A818DA /* magicapp.app */ = {isa = PBXFileReference; explicitFileType = wrapper.application; includeInIndex = 0; path = magicapp.app; sourceTree = BUILT_PRODUCTS_DIR; };
		D41622731C9C44A300A818DA /* AppDelegate.swift */ = {isa = PBXFileReference; lastKnownFileType = sourcecode.swift; path = AppDelegate.swift; sourceTree = "<group>"; };
		D416227B1C9C44A300A818DA /* magicapp.xcdatamodel */ = {isa = PBXFileReference; lastKnownFileType = wrapper.xcdatamodel; path = magicapp.xcdatamodel; sourceTree = "<group>"; };
		D416227D1C9C44A300A818DA /* Assets.xcassets */ = {isa = PBXFileReference; lastKnownFileType = folder.assetcatalog; path = Assets.xcassets; sourceTree = "<group>"; };
		D41622821C9C44A300A818DA /* Info.plist */ = {isa = PBXFileReference; lastKnownFileType = text.plist.xml; path = Info.plist; sourceTree = "<group>"; };
		D42321C21CC5CDB3007C2F3C /* ic_a_isnew.png */ = {isa = PBXFileReference; lastKnownFileType = image.png; path = ic_a_isnew.png; sourceTree = "<group>"; };
		D4326BCF1CB561E8007A07C6 /* WAppDelegate.swift */ = {isa = PBXFileReference; fileEncoding = 4; lastKnownFileType = sourcecode.swift; path = WAppDelegate.swift; sourceTree = "<group>"; };
		D45D64731CB28B64004976A2 /* Toast.swift */ = {isa = PBXFileReference; fileEncoding = 4; lastKnownFileType = sourcecode.swift; path = Toast.swift; sourceTree = "<group>"; };
		D45D64761CB29370004976A2 /* ExtensionUIColor.swift */ = {isa = PBXFileReference; fileEncoding = 4; lastKnownFileType = sourcecode.swift; path = ExtensionUIColor.swift; sourceTree = "<group>"; };
		D45D648F1CB5217D004976A2 /* ExtensionUIButton.swift */ = {isa = PBXFileReference; fileEncoding = 4; lastKnownFileType = sourcecode.swift; path = ExtensionUIButton.swift; sourceTree = "<group>"; };
		D47A8D5A1CE0448900E655F1 /* BridgingHeader.h */ = {isa = PBXFileReference; fileEncoding = 4; lastKnownFileType = sourcecode.c.h; path = BridgingHeader.h; sourceTree = "<group>"; };
		D4932E7C1CA432710014B769 /* HttpMap.swift */ = {isa = PBXFileReference; fileEncoding = 4; lastKnownFileType = sourcecode.swift; path = HttpMap.swift; sourceTree = "<group>"; };
		D4932E7D1CA432710014B769 /* WIntroController.swift */ = {isa = PBXFileReference; fileEncoding = 4; lastKnownFileType = sourcecode.swift; path = WIntroController.swift; sourceTree = "<group>"; };
		D4932E7E1CA432710014B769 /* WMainController.swift */ = {isa = PBXFileReference; fileEncoding = 4; lastKnownFileType = sourcecode.swift; path = WMainController.swift; sourceTree = "<group>"; };
		D4932E7F1CA432710014B769 /* WNotiController.swift */ = {isa = PBXFileReference; fileEncoding = 4; lastKnownFileType = sourcecode.swift; path = WNotiController.swift; sourceTree = "<group>"; };
		D4932E801CA432710014B769 /* WSettingController.swift */ = {isa = PBXFileReference; fileEncoding = 4; lastKnownFileType = sourcecode.swift; path = WSettingController.swift; sourceTree = "<group>"; };
		D4932E8A1CA433740014B769 /* LaunchScreen.storyboard */ = {isa = PBXFileReference; fileEncoding = 4; lastKnownFileType = file.storyboard; path = LaunchScreen.storyboard; sourceTree = "<group>"; };
		D4932E8B1CA433740014B769 /* Main.storyboard */ = {isa = PBXFileReference; fileEncoding = 4; lastKnownFileType = file.storyboard; path = Main.storyboard; sourceTree = "<group>"; };
		D4932E921CA433E10014B769 /* Controllers.swift */ = {isa = PBXFileReference; fileEncoding = 4; lastKnownFileType = sourcecode.swift; path = Controllers.swift; sourceTree = "<group>"; };
		D4C64EE91CAC06A200BF545E /* ResourceBase.swift */ = {isa = PBXFileReference; fileEncoding = 4; lastKnownFileType = sourcecode.swift; path = ResourceBase.swift; sourceTree = "<group>"; };
		D4C64EEA1CAC06A200BF545E /* Tools.swift */ = {isa = PBXFileReference; fileEncoding = 4; lastKnownFileType = sourcecode.swift; path = Tools.swift; sourceTree = "<group>"; };
		D4C64EEB1CAC06A200BF545E /* WInfo.swift */ = {isa = PBXFileReference; fileEncoding = 4; lastKnownFileType = sourcecode.swift; path = WInfo.swift; sourceTree = "<group>"; };
		D4FD0F111CBB354E00018CDF /* BaseConroller.swift */ = {isa = PBXFileReference; fileEncoding = 4; lastKnownFileType = sourcecode.swift; path = BaseConroller.swift; sourceTree = "<group>"; };
		D4FD0F131CBB5DC000018CDF /* WebKit.framework */ = {isa = PBXFileReference; lastKnownFileType = wrapper.framework; name = WebKit.framework; path = System/Library/Frameworks/WebKit.framework; sourceTree = SDKROOT; };
		F296F2851C9807176E303594 /* Pods.debug.xcconfig */ = {isa = PBXFileReference; includeInIndex = 1; lastKnownFileType = text.xcconfig; name = Pods.debug.xcconfig; path = "Pods/Target Support Files/Pods/Pods.debug.xcconfig"; sourceTree = "<group>"; };
		FAD129BDA686D308F6FD3048 /* libPods.a */ = {isa = PBXFileReference; explicitFileType = archive.ar; includeInIndex = 0; path = libPods.a; sourceTree = BUILT_PRODUCTS_DIR; };
/* End PBXFileReference section */

/* Begin PBXFrameworksBuildPhase section */
		D416226D1C9C44A300A818DA /* Frameworks */ = {
			isa = PBXFrameworksBuildPhase;
			buildActionMask = 2147483647;
			files = (
				D4154F641CBF93D000ED25CE /* WebKit.framework in Frameworks */,
				B02778C8F497859E8DDC3F04 /* libPods.a in Frameworks */,
			);
			runOnlyForDeploymentPostprocessing = 0;
		};
/* End PBXFrameworksBuildPhase section */

/* Begin PBXGroup section */
		3C9E170861F3087016DD6D81 /* Frameworks */ = {
			isa = PBXGroup;
			children = (
				FAD129BDA686D308F6FD3048 /* libPods.a */,
			);
			name = Frameworks;
			sourceTree = "<group>";
		};
		5A5EFE1A5D3ECC6C40969127 /* Pods */ = {
			isa = PBXGroup;
			children = (
				F296F2851C9807176E303594 /* Pods.debug.xcconfig */,
				094422137CE74568E19969C5 /* Pods.release.xcconfig */,
			);
			name = Pods;
			sourceTree = "<group>";
		};
		D408A9C41CA2B50400E0DCB5 /* RSLibrary */ = {
			isa = PBXGroup;
			children = (
				D408A9C51CA2B50400E0DCB5 /* extenstion */,
				D408A9C81CA2B50400E0DCB5 /* http */,
			);
			path = RSLibrary;
			sourceTree = "<group>";
		};
		D408A9C51CA2B50400E0DCB5 /* extenstion */ = {
			isa = PBXGroup;
			children = (
				D45D64761CB29370004976A2 /* ExtensionUIColor.swift */,
				D408A9C61CA2B50400E0DCB5 /* ExtensionString.swift */,
				D408A9C71CA2B50400E0DCB5 /* ExtenstionNSMutableData.swift */,
				D45D648F1CB5217D004976A2 /* ExtensionUIButton.swift */,
				CAAAC7CB1CB6245E00031667 /* ExtenstionUIImage.swift */,
			);
			path = extenstion;
			sourceTree = "<group>";
		};
		D408A9C81CA2B50400E0DCB5 /* http */ = {
			isa = PBXGroup;
			children = (
				D408A9C91CA2B50400E0DCB5 /* HttpBaseResource.swift */,
				D408A9CA1CA2B50400E0DCB5 /* RSHttp.swift */,
				D408A9CB1CA2B50400E0DCB5 /* HttpInfo.swift */,
				D408A9CC1CA2B50400E0DCB5 /* ResourceCode.swift */,
			);
			path = http;
			sourceTree = "<group>";
		};
		D41622671C9C44A300A818DA = {
			isa = PBXGroup;
			children = (
				D47A8D5A1CE0448900E655F1 /* BridgingHeader.h */,
				D4FD0F131CBB5DC000018CDF /* WebKit.framework */,
				D408A9C41CA2B50400E0DCB5 /* RSLibrary */,
				D416228B1C9EA6C000A818DA /* core */,
				D41622721C9C44A300A818DA /* wing */,
				D41622711C9C44A300A818DA /* Products */,
				3C9E170861F3087016DD6D81 /* Frameworks */,
				5A5EFE1A5D3ECC6C40969127 /* Pods */,
			);
			sourceTree = "<group>";
		};
		D41622711C9C44A300A818DA /* Products */ = {
			isa = PBXGroup;
			children = (
				D41622701C9C44A300A818DA /* magicapp.app */,
			);
			name = Products;
			sourceTree = "<group>";
		};
		D41622721C9C44A300A818DA /* wing */ = {
			isa = PBXGroup;
			children = (
				D45D647C1CB29B5D004976A2 /* images */,
				D4932E891CA433740014B769 /* storyboard */,
				D4932E881CA4330A0014B769 /* controller */,
				D41622731C9C44A300A818DA /* AppDelegate.swift */,
				D416227D1C9C44A300A818DA /* Assets.xcassets */,
				D41622821C9C44A300A818DA /* Info.plist */,
				D416227A1C9C44A300A818DA /* magicapp.xcdatamodeld */,
			);
			path = wing;
			sourceTree = "<group>";
		};
		D416228B1C9EA6C000A818DA /* core */ = {
			isa = PBXGroup;
			children = (
				D4C64EE81CAC06A200BF545E /* http */,
				D45D64731CB28B64004976A2 /* Toast.swift */,
				D4C64EEA1CAC06A200BF545E /* Tools.swift */,
				D4C64EEB1CAC06A200BF545E /* WInfo.swift */,
				D4932E7C1CA432710014B769 /* HttpMap.swift */,
				D4FD0F111CBB354E00018CDF /* BaseConroller.swift */,
				D4932E7D1CA432710014B769 /* WIntroController.swift */,
				D4932E7E1CA432710014B769 /* WMainController.swift */,
				D4932E7F1CA432710014B769 /* WNotiController.swift */,
				D4932E801CA432710014B769 /* WSettingController.swift */,
				D4326BCF1CB561E8007A07C6 /* WAppDelegate.swift */,
			);
			path = core;
			sourceTree = "<group>";
		};
		D45D647C1CB29B5D004976A2 /* images */ = {
			isa = PBXGroup;
			children = (
				D42321C21CC5CDB3007C2F3C /* ic_a_isnew.png */,
				D4154F5F1CBF723900ED25CE /* setting_update_btn_over.png */,
				D4154F5D1CBF6F9D00ED25CE /* setting_update_btn.png */,
				D4154F5B1CBF5CFE00ED25CE /* setting_bar.png */,
				D4154F3D1CBF569C00ED25CE /* ic_a_home_disable.png */,
				D4154F3E1CBF569C00ED25CE /* ic_a_home.png */,
				D4154F3F1CBF569C00ED25CE /* ic_a_menu_disable.png */,
				D4154F401CBF569C00ED25CE /* ic_a_menu.png */,
				D4154F411CBF569C00ED25CE /* ic_a_next_disable.png */,
				D4154F421CBF569C00ED25CE /* ic_a_next.png */,
				D4154F431CBF569C00ED25CE /* ic_a_prev_disable.png */,
				D4154F441CBF569C00ED25CE /* ic_a_prev.png */,
				D4154F451CBF569C00ED25CE /* ic_a_refresh_disable.png */,
				D4154F461CBF569C00ED25CE /* ic_a_refresh.png */,
				D4154F471CBF569C00ED25CE /* ic_a_share_disable.png */,
				D4154F481CBF569C00ED25CE /* ic_a_share.png */,
				D4154F491CBF569C00ED25CE /* ic_a_tab_disable.png */,
				D4154F4A1CBF569C00ED25CE /* ic_a_tab.png */,
				D4154F4B1CBF569C00ED25CE /* ic_navi_back.png */,
			);
			path = images;
			sourceTree = "<group>";
		};
		D4932E881CA4330A0014B769 /* controller */ = {
			isa = PBXGroup;
			children = (
				D4932E921CA433E10014B769 /* Controllers.swift */,
			);
			path = controller;
			sourceTree = "<group>";
		};
		D4932E891CA433740014B769 /* storyboard */ = {
			isa = PBXGroup;
			children = (
				D4932E8A1CA433740014B769 /* LaunchScreen.storyboard */,
				D4932E8B1CA433740014B769 /* Main.storyboard */,
			);
			path = storyboard;
			sourceTree = "<group>";
		};
		D4C64EE81CAC06A200BF545E /* http */ = {
			isa = PBXGroup;
			children = (
				D4C64EE91CAC06A200BF545E /* ResourceBase.swift */,
			);
			path = http;
			sourceTree = "<group>";
		};
/* End PBXGroup section */

/* Begin PBXNativeTarget section */
		D416226F1C9C44A300A818DA /* magicapp */ = {
			isa = PBXNativeTarget;
			buildConfigurationList = D41622851C9C44A300A818DA /* Build configuration list for PBXNativeTarget "magicapp" */;
			buildPhases = (
				4F6E9EC0149CBA9CC16DA985 /* Check Pods Manifest.lock */,
				D416226C1C9C44A300A818DA /* Sources */,
				D416226D1C9C44A300A818DA /* Frameworks */,
				D416226E1C9C44A300A818DA /* Resources */,
				6EEB728A02D5FFAD55112A55 /* Embed Pods Frameworks */,
				407BE1407A0F255380822862 /* Copy Pods Resources */,
			);
			buildRules = (
			);
			dependencies = (
			);
			name = magicapp;
			productName = magicapp;
			productReference = D41622701C9C44A300A818DA /* magicapp.app */;
			productType = "com.apple.product-type.application";
		};
/* End PBXNativeTarget section */

/* Begin PBXProject section */
		D41622681C9C44A300A818DA /* Project object */ = {
			isa = PBXProject;
			attributes = {
				LastSwiftUpdateCheck = 0720;
				LastUpgradeCheck = 0730;
				ORGANIZATIONNAME = JooDaeho;
				TargetAttributes = {
					D416226F1C9C44A300A818DA = {
						CreatedOnToolsVersion = 7.2.1;
						DevelopmentTeam = E3GB4PB99C;
						SystemCapabilities = {
							com.apple.Push = {
								enabled = 1;
							};
						};
					};
				};
			};
			buildConfigurationList = D416226B1C9C44A300A818DA /* Build configuration list for PBXProject "magicapp" */;
			compatibilityVersion = "Xcode 3.2";
			developmentRegion = English;
			hasScannedForEncodings = 0;
			knownRegions = (
				Base,
			);
			mainGroup = D41622671C9C44A300A818DA;
			productRefGroup = D41622711C9C44A300A818DA /* Products */;
			projectDirPath = "";
			projectRoot = "";
			targets = (
				D416226F1C9C44A300A818DA /* magicapp */,
			);
		};
/* End PBXProject section */

/* Begin PBXResourcesBuildPhase section */
		D416226E1C9C44A300A818DA /* Resources */ = {
			isa = PBXResourcesBuildPhase;
			buildActionMask = 2147483647;
			files = (
				D4932E8D1CA433740014B769 /* Main.storyboard in Resources */,
				D416227E1C9C44A300A818DA /* Assets.xcassets in Resources */,
				D4154F5C1CBF5CFE00ED25CE /* setting_bar.png in Resources */,
				D4932E8C1CA433740014B769 /* LaunchScreen.storyboard in Resources */,
				D4154F4F1CBF569C00ED25CE /* ic_a_menu.png in Resources */,
				D4154F4D1CBF569C00ED25CE /* ic_a_home.png in Resources */,
				D4154F531CBF569C00ED25CE /* ic_a_prev.png in Resources */,
				D4154F601CBF723900ED25CE /* setting_update_btn_over.png in Resources */,
				D4154F521CBF569C00ED25CE /* ic_a_prev_disable.png in Resources */,
				D4154F5E1CBF6F9D00ED25CE /* setting_update_btn.png in Resources */,
				D4154F571CBF569C00ED25CE /* ic_a_share.png in Resources */,
				D4154F501CBF569C00ED25CE /* ic_a_next_disable.png in Resources */,
				D4154F541CBF569C00ED25CE /* ic_a_refresh_disable.png in Resources */,
				D4154F5A1CBF569C00ED25CE /* ic_navi_back.png in Resources */,
				D4154F4C1CBF569C00ED25CE /* ic_a_home_disable.png in Resources */,
				D4154F511CBF569C00ED25CE /* ic_a_next.png in Resources */,
				D4154F581CBF569C00ED25CE /* ic_a_tab_disable.png in Resources */,
				D4154F551CBF569C00ED25CE /* ic_a_refresh.png in Resources */,
				D4154F561CBF569C00ED25CE /* ic_a_share_disable.png in Resources */,
				D4154F591CBF569C00ED25CE /* ic_a_tab.png in Resources */,
				D42321C31CC5CDB3007C2F3C /* ic_a_isnew.png in Resources */,
				D4154F4E1CBF569C00ED25CE /* ic_a_menu_disable.png in Resources */,
			);
			runOnlyForDeploymentPostprocessing = 0;
		};
/* End PBXResourcesBuildPhase section */

/* Begin PBXShellScriptBuildPhase section */
		407BE1407A0F255380822862 /* Copy Pods Resources */ = {
			isa = PBXShellScriptBuildPhase;
			buildActionMask = 2147483647;
			files = (
			);
			inputPaths = (
			);
			name = "Copy Pods Resources";
			outputPaths = (
			);
			runOnlyForDeploymentPostprocessing = 0;
			shellPath = /bin/sh;
			shellScript = "\"${SRCROOT}/Pods/Target Support Files/Pods/Pods-resources.sh\"\n";
			showEnvVarsInLog = 0;
		};
		4F6E9EC0149CBA9CC16DA985 /* Check Pods Manifest.lock */ = {
			isa = PBXShellScriptBuildPhase;
			buildActionMask = 2147483647;
			files = (
			);
			inputPaths = (
			);
			name = "Check Pods Manifest.lock";
			outputPaths = (
			);
			runOnlyForDeploymentPostprocessing = 0;
			shellPath = /bin/sh;
			shellScript = "diff \"${PODS_ROOT}/../Podfile.lock\" \"${PODS_ROOT}/Manifest.lock\" > /dev/null\nif [[ $? != 0 ]] ; then\n    cat << EOM\nerror: The sandbox is not in sync with the Podfile.lock. Run 'pod install' or update your CocoaPods installation.\nEOM\n    exit 1\nfi\n";
			showEnvVarsInLog = 0;
		};
		6EEB728A02D5FFAD55112A55 /* Embed Pods Frameworks */ = {
			isa = PBXShellScriptBuildPhase;
			buildActionMask = 2147483647;
			files = (
			);
			inputPaths = (
			);
			name = "Embed Pods Frameworks";
			outputPaths = (
			);
			runOnlyForDeploymentPostprocessing = 0;
			shellPath = /bin/sh;
			shellScript = "\"${SRCROOT}/Pods/Target Support Files/Pods/Pods-frameworks.sh\"\n";
			showEnvVarsInLog = 0;
		};
/* End PBXShellScriptBuildPhase section */

/* Begin PBXSourcesBuildPhase section */
		D416226C1C9C44A300A818DA /* Sources */ = {
			isa = PBXSourcesBuildPhase;
			buildActionMask = 2147483647;
			files = (
				D4C64EEC1CAC06A200BF545E /* ResourceBase.swift in Sources */,
				D4932E821CA432710014B769 /* WIntroController.swift in Sources */,
				D4932E831CA432710014B769 /* WMainController.swift in Sources */,
				D45D64771CB29370004976A2 /* ExtensionUIColor.swift in Sources */,
				D408A9CE1CA2B50400E0DCB5 /* ExtenstionNSMutableData.swift in Sources */,
				D4932E931CA433E10014B769 /* Controllers.swift in Sources */,
				D408A9CD1CA2B50400E0DCB5 /* ExtensionString.swift in Sources */,
				D408A9D11CA2B50400E0DCB5 /* HttpInfo.swift in Sources */,
				D4326BD01CB561E8007A07C6 /* WAppDelegate.swift in Sources */,
				D4FD0F121CBB354E00018CDF /* BaseConroller.swift in Sources */,
				D408A9CF1CA2B50400E0DCB5 /* HttpBaseResource.swift in Sources */,
				D4932E811CA432710014B769 /* HttpMap.swift in Sources */,
				D408A9D01CA2B50400E0DCB5 /* RSHttp.swift in Sources */,
				D45D64901CB5217D004976A2 /* ExtensionUIButton.swift in Sources */,
				D4932E851CA432710014B769 /* WSettingController.swift in Sources */,
				D41622741C9C44A300A818DA /* AppDelegate.swift in Sources */,
				D408A9D21CA2B50400E0DCB5 /* ResourceCode.swift in Sources */,
				D4C64EED1CAC06A200BF545E /* Tools.swift in Sources */,
				D416227C1C9C44A300A818DA /* magicapp.xcdatamodeld in Sources */,
				CAAAC7CC1CB6245E00031667 /* ExtenstionUIImage.swift in Sources */,
				D45D64751CB28B64004976A2 /* Toast.swift in Sources */,
				D4C64EEE1CAC06A200BF545E /* WInfo.swift in Sources */,
				D4932E841CA432710014B769 /* WNotiController.swift in Sources */,
			);
			runOnlyForDeploymentPostprocessing = 0;
		};
/* End PBXSourcesBuildPhase section */

/* Begin XCBuildConfiguration section */
		D41622831C9C44A300A818DA /* Debug */ = {
			isa = XCBuildConfiguration;
			buildSettings = {
				ALWAYS_SEARCH_USER_PATHS = NO;
				CLANG_CXX_LANGUAGE_STANDARD = "gnu++0x";
				CLANG_CXX_LIBRARY = "libc++";
				CLANG_ENABLE_MODULES = YES;
				CLANG_ENABLE_OBJC_ARC = YES;
				CLANG_WARN_BOOL_CONVERSION = YES;
				CLANG_WARN_CONSTANT_CONVERSION = YES;
				CLANG_WARN_DIRECT_OBJC_ISA_USAGE = YES_ERROR;
				CLANG_WARN_EMPTY_BODY = YES;
				CLANG_WARN_ENUM_CONVERSION = YES;
				CLANG_WARN_INT_CONVERSION = YES;
				CLANG_WARN_OBJC_ROOT_CLASS = YES_ERROR;
				CLANG_WARN_UNREACHABLE_CODE = YES;
				CLANG_WARN__DUPLICATE_METHOD_MATCH = YES;
				CODE_SIGN_IDENTITY = "iPhone Distribution";
				COPY_PHASE_STRIP = NO;
				DEBUG_INFORMATION_FORMAT = dwarf;
				ENABLE_STRICT_OBJC_MSGSEND = YES;
				ENABLE_TESTABILITY = YES;
				GCC_C_LANGUAGE_STANDARD = gnu99;
				GCC_DYNAMIC_NO_PIC = NO;
				GCC_NO_COMMON_BLOCKS = YES;
				GCC_OPTIMIZATION_LEVEL = 0;
				GCC_PREPROCESSOR_DEFINITIONS = (
					"DEBUG=1",
					"$(inherited)",
				);
				GCC_WARN_64_TO_32_BIT_CONVERSION = YES;
				GCC_WARN_ABOUT_RETURN_TYPE = YES_ERROR;
				GCC_WARN_UNDECLARED_SELECTOR = YES;
				GCC_WARN_UNINITIALIZED_AUTOS = YES_AGGRESSIVE;
				GCC_WARN_UNUSED_FUNCTION = YES;
				GCC_WARN_UNUSED_VARIABLE = YES;
				IPHONEOS_DEPLOYMENT_TARGET = 9.2;
				MTL_ENABLE_DEBUG_INFO = YES;
				ONLY_ACTIVE_ARCH = YES;
				PRODUCT_NAME = "";
				SDKROOT = iphoneos;
				SWIFT_OPTIMIZATION_LEVEL = "-Onone";
			};
			name = Debug;
		};
		D41622841C9C44A300A818DA /* Release */ = {
			isa = XCBuildConfiguration;
			buildSettings = {
				ALWAYS_SEARCH_USER_PATHS = NO;
				CLANG_CXX_LANGUAGE_STANDARD = "gnu++0x";
				CLANG_CXX_LIBRARY = "libc++";
				CLANG_ENABLE_MODULES = YES;
				CLANG_ENABLE_OBJC_ARC = YES;
				CLANG_WARN_BOOL_CONVERSION = YES;
				CLANG_WARN_CONSTANT_CONVERSION = YES;
				CLANG_WARN_DIRECT_OBJC_ISA_USAGE = YES_ERROR;
				CLANG_WARN_EMPTY_BODY = YES;
				CLANG_WARN_ENUM_CONVERSION = YES;
				CLANG_WARN_INT_CONVERSION = YES;
				CLANG_WARN_OBJC_ROOT_CLASS = YES_ERROR;
				CLANG_WARN_UNREACHABLE_CODE = YES;
				CLANG_WARN__DUPLICATE_METHOD_MATCH = YES;
				CODE_SIGN_IDENTITY = "iPhone Distribution";
				COPY_PHASE_STRIP = NO;
				DEBUG_INFORMATION_FORMAT = "dwarf-with-dsym";
				ENABLE_NS_ASSERTIONS = NO;
				ENABLE_STRICT_OBJC_MSGSEND = YES;
				GCC_C_LANGUAGE_STANDARD = gnu99;
				GCC_NO_COMMON_BLOCKS = YES;
				GCC_WARN_64_TO_32_BIT_CONVERSION = YES;
				GCC_WARN_ABOUT_RETURN_TYPE = YES_ERROR;
				GCC_WARN_UNDECLARED_SELECTOR = YES;
				GCC_WARN_UNINITIALIZED_AUTOS = YES_AGGRESSIVE;
				GCC_WARN_UNUSED_FUNCTION = YES;
				GCC_WARN_UNUSED_VARIABLE = YES;
				IPHONEOS_DEPLOYMENT_TARGET = 9.2;
				MTL_ENABLE_DEBUG_INFO = NO;
				PRODUCT_NAME = "";
				SDKROOT = iphoneos;
				VALIDATE_PRODUCT = YES;
			};
			name = Release;
		};
		D41622861C9C44A300A818DA /* Debug */ = {
			isa = XCBuildConfiguration;
			baseConfigurationReference = F296F2851C9807176E303594 /* Pods.debug.xcconfig */;
			buildSettings = {
				ASSETCATALOG_COMPILER_APPICON_NAME = AppIcon;
				CODE_SIGN_IDENTITY = "iPhone Distribution";
				ENABLE_BITCODE = NO;
				INFOPLIST_FILE = wing/Info.plist;
				IPHONEOS_DEPLOYMENT_TARGET = 8.1;
				LD_RUNPATH_SEARCH_PATHS = "$(inherited) @executable_path/Frameworks";
				OTHER_SWIFT_FLAGS = "-D DEBUG";
				PRODUCT_BUNDLE_IDENTIFIER = kr.co.wisaweb.sw.wisa;
				PRODUCT_NAME = "$(TARGET_NAME)";
				PROVISIONING_PROFILE = "";
				SWIFT_OBJC_BRIDGING_HEADER = BridgingHeader.h;
			};
			name = Debug;
		};
		D41622871C9C44A300A818DA /* Release */ = {
			isa = XCBuildConfiguration;
			baseConfigurationReference = 094422137CE74568E19969C5 /* Pods.release.xcconfig */;
			buildSettings = {
				ASSETCATALOG_COMPILER_APPICON_NAME = AppIcon;
				CODE_SIGN_IDENTITY = "iPhone Distribution";
				ENABLE_BITCODE = NO;
				INFOPLIST_FILE = wing/Info.plist;
				IPHONEOS_DEPLOYMENT_TARGET = 8.1;
				LD_RUNPATH_SEARCH_PATHS = "$(inherited) @executable_path/Frameworks";
				PRODUCT_BUNDLE_IDENTIFIER = kr.co.wisaweb.sw.wisa;
				PRODUCT_NAME = "$(TARGET_NAME)";
				PROVISIONING_PROFILE = "";
				SWIFT_OBJC_BRIDGING_HEADER = BridgingHeader.h;
			};
			name = Release;
		};
/* End XCBuildConfiguration section */

/* Begin XCConfigurationList section */
		D416226B1C9C44A300A818DA /* Build configuration list for PBXProject "magicapp" */ = {
			isa = XCConfigurationList;
			buildConfigurations = (
				D41622831C9C44A300A818DA /* Debug */,
				D41622841C9C44A300A818DA /* Release */,
			);
			defaultConfigurationIsVisible = 0;
			defaultConfigurationName = Release;
		};
		D41622851C9C44A300A818DA /* Build configuration list for PBXNativeTarget "magicapp" */ = {
			isa = XCConfigurationList;
			buildConfigurations = (
				D41622861C9C44A300A818DA /* Debug */,
				D41622871C9C44A300A818DA /* Release */,
			);
			defaultConfigurationIsVisible = 0;
			defaultConfigurationName = Release;
		};
/* End XCConfigurationList section */

/* Begin XCVersionGroup section */
		D416227A1C9C44A300A818DA /* magicapp.xcdatamodeld */ = {
			isa = XCVersionGroup;
			children = (
				D416227B1C9C44A300A818DA /* magicapp.xcdatamodel */,
			);
			currentVersion = D416227B1C9C44A300A818DA /* magicapp.xcdatamodel */;
			path = magicapp.xcdatamodeld;
			sourceTree = "<group>";
			versionGroupType = wrapper.xcdatamodel;
		};
/* End XCVersionGroup section */
	};
	rootObject = D41622681C9C44A300A818DA /* Project object */;
}
